# This file was autogenerated by Stack.
# You should not edit this file by hand.
# For more information, please see the documentation at:
#   https://docs.haskellstack.org/en/stable/lock_files

packages:
- completed:
    hackage: tasty-1.5@sha256:2dc91101339814be9913846ca8c424d1c3eccfefb27c6335f3fea2af40a3d2e4,2870
    pantry-tree:
      sha256: 0a7c186a9aab2f01a3bcdfad12f107e07ca2c414e93266d883ec770616f79448
      size: 1944
  original:
    hackage: tasty-1.5@sha256:2dc91101339814be9913846ca8c424d1c3eccfefb27c6335f3fea2af40a3d2e4,2870
snapshots:
- completed:
    sha256: 7b975b104cb3dbf0c297dfd01f936a4d2ee523241dd0b1ae960522b833fe3027
    size: 714096
    url: https://raw.githubusercontent.com/commercialhaskell/stackage-snapshots/master/lts/22/7.yaml
  original: lts-22.7
